
Microsoft Visual Studio Solution File, Format Version 12.00
# Visual Studio Version 17
VisualStudioVersion = 17.0.31919.166
MinimumVisualStudioVersion = 10.0.40219.1
Project("{9A19103F-16F7-4668-BE54-9A1E7A4F7556}") = "zo_organized.ItemSingular.Infrastructure", "zo_organized.ItemSingular.Infrastructure.csproj", "{F5E8D27B-D638-46C2-B7C5-7E8AF4CAE9ED}"
EndProject
Global
	GlobalSection(SolutionConfigurationPlatforms) = preSolution
		Debug|Any CPU = Debug|Any CPU
		Release|Any CPU = Release|Any CPU
	EndGlobalSection
	GlobalSection(ProjectConfigurationPlatforms) = postSolution
		{F5E8D27B-D638-46C2-B7C5-7E8AF4CAE9ED}.Debug|Any CPU.ActiveCfg = Debug|Any CPU
		{F5E8D27B-D638-46C2-B7C5-7E8AF4CAE9ED}.Debug|Any CPU.Build.0 = Debug|Any CPU
		{F5E8D27B-D638-46C2-B7C5-7E8AF4CAE9ED}.Release|Any CPU.ActiveCfg = Release|Any CPU
		{F5E8D27B-D638-46C2-B7C5-7E8AF4CAE9ED}.Release|Any CPU.Build.0 = Release|Any CPU
	EndGlobalSection
	GlobalSection(SolutionProperties) = preSolution
		HideSolutionNode = FALSE
	EndGlobalSection
	GlobalSection(ExtensibilityGlobals) = postSolution
		SolutionGuid = {9EF6D62B-5078-44F9-BAAD-6289A6BE5E6A}
	EndGlobalSection
EndGlobal
